// !$*UTF8*$!
{
	archiveVersion = 1;
	classes = {
	};
	objectVersion = 46;
	objects = {

/* Begin PBXBuildFile section */
		2A21FA961DB81A2800F75717 /* Assets in Resources */ = {isa = PBXBuildFile; fileRef = 2A21FA951DB81A2800F75717 /* Assets */; };
		2A21FA981DB81AB200F75717 /* Launch Screen.storyboard in Resources */ = {isa = PBXBuildFile; fileRef = 2A21FA971DB81AB200F75717 /* Launch Screen.storyboard */; };
		2AC872081DB429E300125403 /* Logo.jpg in Resources */ = {isa = PBXBuildFile; fileRef = 2AC872071DB429E300125403 /* Logo.jpg */; };
		CB228FB71D96112F00F7956E /* AppDelegate.swift in Sources */ = {isa = PBXBuildFile; fileRef = CB228FB61D96112F00F7956E /* AppDelegate.swift */; };
		CB228FB91D96112F00F7956E /* ViewController.swift in Sources */ = {isa = PBXBuildFile; fileRef = CB228FB81D96112F00F7956E /* ViewController.swift */; };
		CB228FBC1D96112F00F7956E /* Main.storyboard in Resources */ = {isa = PBXBuildFile; fileRef = CB228FBA1D96112F00F7956E /* Main.storyboard */; };
		CB228FBE1D96112F00F7956E /* Assets.xcassets in Resources */ = {isa = PBXBuildFile; fileRef = CB228FBD1D96112F00F7956E /* Assets.xcassets */; };
		CB228FCC1D96112F00F7956E /* PictureUsTests.swift in Sources */ = {isa = PBXBuildFile; fileRef = CB228FCB1D96112F00F7956E /* PictureUsTests.swift */; };
		CB228FD71D96112F00F7956E /* SwiperUsUITests.swift in Sources */ = {isa = PBXBuildFile; fileRef = CB228FD61D96112F00F7956E /* SwiperUsUITests.swift */; };
		CB2992681DC40B5200C1530B /* Sdk in Resources */ = {isa = PBXBuildFile; fileRef = CB2992671DC40B5200C1530B /* Sdk */; };
		CB29926B1DC40B9900C1530B /* AWSCore.framework in Frameworks */ = {isa = PBXBuildFile; fileRef = CB2992691DC40B9800C1530B /* AWSCore.framework */; };
		CB29926C1DC40B9900C1530B /* AWSCore.framework in Embed Frameworks */ = {isa = PBXBuildFile; fileRef = CB2992691DC40B9800C1530B /* AWSCore.framework */; settings = {ATTRIBUTES = (CodeSignOnCopy, RemoveHeadersOnCopy, ); }; };
		CB29926D1DC40B9900C1530B /* AWSDynamoDB.framework in Frameworks */ = {isa = PBXBuildFile; fileRef = CB29926A1DC40B9800C1530B /* AWSDynamoDB.framework */; };
		CB29926E1DC40B9900C1530B /* AWSDynamoDB.framework in Embed Frameworks */ = {isa = PBXBuildFile; fileRef = CB29926A1DC40B9800C1530B /* AWSDynamoDB.framework */; settings = {ATTRIBUTES = (CodeSignOnCopy, RemoveHeadersOnCopy, ); }; };
		CB2992771DC40C2500C1530B /* AWSMobileClient.swift in Sources */ = {isa = PBXBuildFile; fileRef = CB2992721DC40C2500C1530B /* AWSMobileClient.swift */; };
		CB2992781DC40C2500C1530B /* AWSMobileHubHelper.framework in Frameworks */ = {isa = PBXBuildFile; fileRef = CB2992731DC40C2500C1530B /* AWSMobileHubHelper.framework */; };
		CB2992791DC40C2500C1530B /* PictureUsUserSetting1.swift in Sources */ = {isa = PBXBuildFile; fileRef = CB2992761DC40C2500C1530B /* PictureUsUserSetting1.swift */; };
		CB29927C1DC40D7800C1530B /* libsqlite3.0.tbd in Frameworks */ = {isa = PBXBuildFile; fileRef = CB29927B1DC40D7800C1530B /* libsqlite3.0.tbd */; };
		CB29927E1DC40D8200C1530B /* libz.tbd in Frameworks */ = {isa = PBXBuildFile; fileRef = CB29927D1DC40D8200C1530B /* libz.tbd */; };
		CB2992831DC4127500C1530B /* UserIdentityAccess.swift in Sources */ = {isa = PBXBuildFile; fileRef = CB2992821DC4127500C1530B /* UserIdentityAccess.swift */; };
		CB2992851DC4137B00C1530B /* AddressBook.framework in Frameworks */ = {isa = PBXBuildFile; fileRef = CB2992841DC4137B00C1530B /* AddressBook.framework */; };
		CB2992871DC4138300C1530B /* SafariServices.framework in Frameworks */ = {isa = PBXBuildFile; fileRef = CB2992861DC4138300C1530B /* SafariServices.framework */; };
		CB2992891DC4138A00C1530B /* SystemConfiguration.framework in Frameworks */ = {isa = PBXBuildFile; fileRef = CB2992881DC4138A00C1530B /* SystemConfiguration.framework */; };
		CB2992931DC41CE000C1530B /* GoogleNetworkingUtilities.framework in Frameworks */ = {isa = PBXBuildFile; fileRef = CB29928D1DC41CE000C1530B /* GoogleNetworkingUtilities.framework */; };
		CB2992941DC41CE000C1530B /* GoogleSignIn.framework in Frameworks */ = {isa = PBXBuildFile; fileRef = CB29928E1DC41CE000C1530B /* GoogleSignIn.framework */; };
		CB2992951DC41CE000C1530B /* GoogleSymbolUtilities.framework in Frameworks */ = {isa = PBXBuildFile; fileRef = CB29928F1DC41CE000C1530B /* GoogleSymbolUtilities.framework */; };
		CB2992961DC41CE000C1530B /* GoogleAppUtilities.framework in Frameworks */ = {isa = PBXBuildFile; fileRef = CB2992901DC41CE000C1530B /* GoogleAppUtilities.framework */; };
		CB2992971DC41CE000C1530B /* GoogleAuthUtilities.framework in Frameworks */ = {isa = PBXBuildFile; fileRef = CB2992911DC41CE000C1530B /* GoogleAuthUtilities.framework */; };
		CB2992981DC41CE000C1530B /* GoogleUtilities.framework in Frameworks */ = {isa = PBXBuildFile; fileRef = CB2992921DC41CE000C1530B /* GoogleUtilities.framework */; };
		CB29929C1DC41DD900C1530B /* SignInViewController.swift in Sources */ = {isa = PBXBuildFile; fileRef = CB29929B1DC41DD900C1530B /* SignInViewController.swift */; };
		CB518E471DC4FB0100E15251 /* SignIn.storyboard in Resources */ = {isa = PBXBuildFile; fileRef = CB518E461DC4FB0100E15251 /* SignIn.storyboard */; };
		CB518E491DC70C8100E15251 /* logout.png in Resources */ = {isa = PBXBuildFile; fileRef = CB518E481DC70C8100E15251 /* logout.png */; };
		CBB8FD3B1DC034D80030EDFC /* settingsViewController.swift in Sources */ = {isa = PBXBuildFile; fileRef = CBB8FD3A1DC034D80030EDFC /* settingsViewController.swift */; };
		CBB8FD3D1DC039DE0030EDFC /* UpArrow_Plain.png in Resources */ = {isa = PBXBuildFile; fileRef = CBB8FD3C1DC039DE0030EDFC /* UpArrow_Plain.png */; };
		CBB8FD3F1DC039E40030EDFC /* DownArrow_plain.png in Resources */ = {isa = PBXBuildFile; fileRef = CBB8FD3E1DC039E40030EDFC /* DownArrow_plain.png */; };
		CBB8FD411DC039EE0030EDFC /* left-arrow.png in Resources */ = {isa = PBXBuildFile; fileRef = CBB8FD401DC039EE0030EDFC /* left-arrow.png */; };
		CBB8FD431DC039F60030EDFC /* RightArrow.png in Resources */ = {isa = PBXBuildFile; fileRef = CBB8FD421DC039F60030EDFC /* RightArrow.png */; };
		CBB8FD481DC03D0A0030EDFC /* Weibo-Logo.jpg in Resources */ = {isa = PBXBuildFile; fileRef = CBB8FD441DC03D0A0030EDFC /* Weibo-Logo.jpg */; };
		CBB8FD491DC03D0A0030EDFC /* chat.png in Resources */ = {isa = PBXBuildFile; fileRef = CBB8FD451DC03D0A0030EDFC /* chat.png */; };
		CBB8FD4A1DC03D0A0030EDFC /* facebook.png in Resources */ = {isa = PBXBuildFile; fileRef = CBB8FD461DC03D0A0030EDFC /* facebook.png */; };
		CBB8FD4B1DC03D0A0030EDFC /* twitter.png in Resources */ = {isa = PBXBuildFile; fileRef = CBB8FD471DC03D0A0030EDFC /* twitter.png */; };
		CBB8FD5D1DC03D9E0030EDFC /* badoo.png in Resources */ = {isa = PBXBuildFile; fileRef = CBB8FD4C1DC03D9E0030EDFC /* badoo.png */; };
		CBB8FD5E1DC03D9E0030EDFC /* behance.png in Resources */ = {isa = PBXBuildFile; fileRef = CBB8FD4D1DC03D9E0030EDFC /* behance.png */; };
		CBB8FD5F1DC03D9E0030EDFC /* chat.png in Resources */ = {isa = PBXBuildFile; fileRef = CBB8FD4E1DC03D9E0030EDFC /* chat.png */; };
		CBB8FD601DC03D9E0030EDFC /* deviantart.png in Resources */ = {isa = PBXBuildFile; fileRef = CBB8FD4F1DC03D9E0030EDFC /* deviantart.png */; };
		CBB8FD611DC03D9E0030EDFC /* dribbble.png in Resources */ = {isa = PBXBuildFile; fileRef = CBB8FD501DC03D9E0030EDFC /* dribbble.png */; };
		CBB8FD621DC03D9E0030EDFC /* facebook.png in Resources */ = {isa = PBXBuildFile; fileRef = CBB8FD511DC03D9E0030EDFC /* facebook.png */; };
		CBB8FD631DC03D9E0030EDFC /* flickr.png in Resources */ = {isa = PBXBuildFile; fileRef = CBB8FD521DC03D9E0030EDFC /* flickr.png */; };
		CBB8FD641DC03D9E0030EDFC /* google-plus.png in Resources */ = {isa = PBXBuildFile; fileRef = CBB8FD531DC03D9E0030EDFC /* google-plus.png */; };
		CBB8FD651DC03D9E0030EDFC /* instagram.png in Resources */ = {isa = PBXBuildFile; fileRef = CBB8FD541DC03D9E0030EDFC /* instagram.png */; };
		CBB8FD661DC03D9E0030EDFC /* lastfm.png in Resources */ = {isa = PBXBuildFile; fileRef = CBB8FD551DC03D9E0030EDFC /* lastfm.png */; };
		CBB8FD671DC03D9E0030EDFC /* linkedin.png in Resources */ = {isa = PBXBuildFile; fileRef = CBB8FD561DC03D9E0030EDFC /* linkedin.png */; };
		CBB8FD681DC03D9E0030EDFC /* pinterest.png in Resources */ = {isa = PBXBuildFile; fileRef = CBB8FD571DC03D9E0030EDFC /* pinterest.png */; };
		CBB8FD691DC03D9E0030EDFC /* soundcloud.png in Resources */ = {isa = PBXBuildFile; fileRef = CBB8FD581DC03D9E0030EDFC /* soundcloud.png */; };
		CBB8FD6A1DC03D9E0030EDFC /* swarm.png in Resources */ = {isa = PBXBuildFile; fileRef = CBB8FD591DC03D9E0030EDFC /* swarm.png */; };
		CBB8FD6B1DC03D9E0030EDFC /* tumblr.png in Resources */ = {isa = PBXBuildFile; fileRef = CBB8FD5A1DC03D9E0030EDFC /* tumblr.png */; };
		CBB8FD6C1DC03D9E0030EDFC /* twitter.png in Resources */ = {isa = PBXBuildFile; fileRef = CBB8FD5B1DC03D9E0030EDFC /* twitter.png */; };
		CBB8FD6D1DC03D9E0030EDFC /* vk.png in Resources */ = {isa = PBXBuildFile; fileRef = CBB8FD5C1DC03D9E0030EDFC /* vk.png */; };
		CBF75C301DBFF10B00459260 /* Left_FB.png in Resources */ = {isa = PBXBuildFile; fileRef = CBF75C2F1DBFF10B00459260 /* Left_FB.png */; };
		CBF75C321DBFF33400459260 /* RightArrow_Social.png in Resources */ = {isa = PBXBuildFile; fileRef = CBF75C311DBFF33400459260 /* RightArrow_Social.png */; };
		CBF75C341DBFF41200459260 /* DownArrow.png in Resources */ = {isa = PBXBuildFile; fileRef = CBF75C331DBFF41200459260 /* DownArrow.png */; };
		CBF75C361DBFF49700459260 /* UpArrow1.png in Resources */ = {isa = PBXBuildFile; fileRef = CBF75C351DBFF49700459260 /* UpArrow1.png */; };
		CBF75C381DBFF60800459260 /* settings.png in Resources */ = {isa = PBXBuildFile; fileRef = CBF75C371DBFF60800459260 /* settings.png */; };
		CBF75C3A1DC0225700459260 /* UpArrow.png in Resources */ = {isa = PBXBuildFile; fileRef = CBF75C391DC0225700459260 /* UpArrow.png */; };
/* End PBXBuildFile section */

/* Begin PBXContainerItemProxy section */
		CB228FC81D96112F00F7956E /* PBXContainerItemProxy */ = {
			isa = PBXContainerItemProxy;
			containerPortal = CB228FAB1D96112F00F7956E /* Project object */;
			proxyType = 1;
			remoteGlobalIDString = CB228FB21D96112F00F7956E;
			remoteInfo = PictureUs;
		};
		CB228FD31D96112F00F7956E /* PBXContainerItemProxy */ = {
			isa = PBXContainerItemProxy;
			containerPortal = CB228FAB1D96112F00F7956E /* Project object */;
			proxyType = 1;
			remoteGlobalIDString = CB228FB21D96112F00F7956E;
			remoteInfo = PictureUs;
		};
/* End PBXContainerItemProxy section */

/* Begin PBXCopyFilesBuildPhase section */
		CB29926F1DC40B9900C1530B /* Embed Frameworks */ = {
			isa = PBXCopyFilesBuildPhase;
			buildActionMask = 2147483647;
			dstPath = "";
			dstSubfolderSpec = 10;
			files = (
				CB29926E1DC40B9900C1530B /* AWSDynamoDB.framework in Embed Frameworks */,
				CB29926C1DC40B9900C1530B /* AWSCore.framework in Embed Frameworks */,
			);
			name = "Embed Frameworks";
			runOnlyForDeploymentPostprocessing = 0;
		};
/* End PBXCopyFilesBuildPhase section */

/* Begin PBXFileReference section */
		2A21FA951DB81A2800F75717 /* Assets */ = {isa = PBXFileReference; lastKnownFileType = folder; path = Assets; sourceTree = "<group>"; };
		2A21FA971DB81AB200F75717 /* Launch Screen.storyboard */ = {isa = PBXFileReference; fileEncoding = 4; lastKnownFileType = file.storyboard; path = "Launch Screen.storyboard"; sourceTree = "<group>"; };
		2AC872071DB429E300125403 /* Logo.jpg */ = {isa = PBXFileReference; lastKnownFileType = image.jpeg; path = Logo.jpg; sourceTree = "<group>"; };
		CB228FB31D96112F00F7956E /* Swiper.app */ = {isa = PBXFileReference; explicitFileType = wrapper.application; includeInIndex = 0; path = Swiper.app; sourceTree = BUILT_PRODUCTS_DIR; };
		CB228FB61D96112F00F7956E /* AppDelegate.swift */ = {isa = PBXFileReference; lastKnownFileType = sourcecode.swift; path = AppDelegate.swift; sourceTree = "<group>"; };
		CB228FB81D96112F00F7956E /* ViewController.swift */ = {isa = PBXFileReference; lastKnownFileType = sourcecode.swift; path = ViewController.swift; sourceTree = "<group>"; };
		CB228FBB1D96112F00F7956E /* Base */ = {isa = PBXFileReference; lastKnownFileType = file.storyboard; name = Base; path = Base.lproj/Main.storyboard; sourceTree = "<group>"; };
		CB228FBD1D96112F00F7956E /* Assets.xcassets */ = {isa = PBXFileReference; lastKnownFileType = folder.assetcatalog; path = Assets.xcassets; sourceTree = "<group>"; };
		CB228FC21D96112F00F7956E /* Info.plist */ = {isa = PBXFileReference; lastKnownFileType = text.plist.xml; path = Info.plist; sourceTree = "<group>"; };
		CB228FC71D96112F00F7956E /* SwiperTests.xctest */ = {isa = PBXFileReference; explicitFileType = wrapper.cfbundle; includeInIndex = 0; path = SwiperTests.xctest; sourceTree = BUILT_PRODUCTS_DIR; };
		CB228FCB1D96112F00F7956E /* PictureUsTests.swift */ = {isa = PBXFileReference; lastKnownFileType = sourcecode.swift; path = PictureUsTests.swift; sourceTree = "<group>"; };
		CB228FCD1D96112F00F7956E /* Info.plist */ = {isa = PBXFileReference; lastKnownFileType = text.plist.xml; path = Info.plist; sourceTree = "<group>"; };
		CB228FD21D96112F00F7956E /* SwiperUITests.xctest */ = {isa = PBXFileReference; explicitFileType = wrapper.cfbundle; includeInIndex = 0; path = SwiperUITests.xctest; sourceTree = BUILT_PRODUCTS_DIR; };
		CB228FD61D96112F00F7956E /* SwiperUsUITests.swift */ = {isa = PBXFileReference; lastKnownFileType = sourcecode.swift; path = SwiperUsUITests.swift; sourceTree = "<group>"; };
		CB228FD81D96112F00F7956E /* Info.plist */ = {isa = PBXFileReference; lastKnownFileType = text.plist.xml; path = Info.plist; sourceTree = "<group>"; };
		CB2992671DC40B5200C1530B /* Sdk */ = {isa = PBXFileReference; lastKnownFileType = folder; path = Sdk; sourceTree = "<group>"; };
		CB2992691DC40B9800C1530B /* AWSCore.framework */ = {isa = PBXFileReference; lastKnownFileType = wrapper.framework; name = AWSCore.framework; path = Sdk/Aws/AWSCore.framework; sourceTree = "<group>"; };
		CB29926A1DC40B9800C1530B /* AWSDynamoDB.framework */ = {isa = PBXFileReference; lastKnownFileType = wrapper.framework; name = AWSDynamoDB.framework; path = Sdk/Aws/AWSDynamoDB.framework; sourceTree = "<group>"; };
		CB2992721DC40C2500C1530B /* AWSMobileClient.swift */ = {isa = PBXFileReference; fileEncoding = 4; lastKnownFileType = sourcecode.swift; path = AWSMobileClient.swift; sourceTree = "<group>"; };
		CB2992731DC40C2500C1530B /* AWSMobileHubHelper.framework */ = {isa = PBXFileReference; lastKnownFileType = wrapper.framework; path = AWSMobileHubHelper.framework; sourceTree = "<group>"; };
		CB2992761DC40C2500C1530B /* PictureUsUserSetting1.swift */ = {isa = PBXFileReference; fileEncoding = 4; lastKnownFileType = sourcecode.swift; path = PictureUsUserSetting1.swift; sourceTree = "<group>"; };
		CB29927B1DC40D7800C1530B /* libsqlite3.0.tbd */ = {isa = PBXFileReference; lastKnownFileType = "sourcecode.text-based-dylib-definition"; name = libsqlite3.0.tbd; path = usr/lib/libsqlite3.0.tbd; sourceTree = SDKROOT; };
		CB29927D1DC40D8200C1530B /* libz.tbd */ = {isa = PBXFileReference; lastKnownFileType = "sourcecode.text-based-dylib-definition"; name = libz.tbd; path = usr/lib/libz.tbd; sourceTree = SDKROOT; };
		CB2992821DC4127500C1530B /* UserIdentityAccess.swift */ = {isa = PBXFileReference; fileEncoding = 4; lastKnownFileType = sourcecode.swift; path = UserIdentityAccess.swift; sourceTree = "<group>"; };
		CB2992841DC4137B00C1530B /* AddressBook.framework */ = {isa = PBXFileReference; lastKnownFileType = wrapper.framework; name = AddressBook.framework; path = System/Library/Frameworks/AddressBook.framework; sourceTree = SDKROOT; };
		CB2992861DC4138300C1530B /* SafariServices.framework */ = {isa = PBXFileReference; lastKnownFileType = wrapper.framework; name = SafariServices.framework; path = System/Library/Frameworks/SafariServices.framework; sourceTree = SDKROOT; };
		CB2992881DC4138A00C1530B /* SystemConfiguration.framework */ = {isa = PBXFileReference; lastKnownFileType = wrapper.framework; name = SystemConfiguration.framework; path = System/Library/Frameworks/SystemConfiguration.framework; sourceTree = SDKROOT; };
		CB29928B1DC41BE600C1530B /* StoreKit.framework */ = {isa = PBXFileReference; lastKnownFileType = wrapper.framework; name = StoreKit.framework; path = System/Library/Frameworks/StoreKit.framework; sourceTree = SDKROOT; };
		CB29928D1DC41CE000C1530B /* GoogleNetworkingUtilities.framework */ = {isa = PBXFileReference; lastKnownFileType = wrapper.framework; name = GoogleNetworkingUtilities.framework; path = Sdk/Google/GoogleNetworkingUtilities.framework; sourceTree = "<group>"; };
		CB29928E1DC41CE000C1530B /* GoogleSignIn.framework */ = {isa = PBXFileReference; lastKnownFileType = wrapper.framework; name = GoogleSignIn.framework; path = Sdk/Google/GoogleSignIn.framework; sourceTree = "<group>"; };
		CB29928F1DC41CE000C1530B /* GoogleSymbolUtilities.framework */ = {isa = PBXFileReference; lastKnownFileType = wrapper.framework; name = GoogleSymbolUtilities.framework; path = Sdk/Google/GoogleSymbolUtilities.framework; sourceTree = "<group>"; };
		CB2992901DC41CE000C1530B /* GoogleAppUtilities.framework */ = {isa = PBXFileReference; lastKnownFileType = wrapper.framework; name = GoogleAppUtilities.framework; path = Sdk/Google/GoogleAppUtilities.framework; sourceTree = "<group>"; };
		CB2992911DC41CE000C1530B /* GoogleAuthUtilities.framework */ = {isa = PBXFileReference; lastKnownFileType = wrapper.framework; name = GoogleAuthUtilities.framework; path = Sdk/Google/GoogleAuthUtilities.framework; sourceTree = "<group>"; };
		CB2992921DC41CE000C1530B /* GoogleUtilities.framework */ = {isa = PBXFileReference; lastKnownFileType = wrapper.framework; name = GoogleUtilities.framework; path = Sdk/Google/GoogleUtilities.framework; sourceTree = "<group>"; };
		CB29929B1DC41DD900C1530B /* SignInViewController.swift */ = {isa = PBXFileReference; fileEncoding = 4; lastKnownFileType = sourcecode.swift; path = SignInViewController.swift; sourceTree = "<group>"; };
		CB518E461DC4FB0100E15251 /* SignIn.storyboard */ = {isa = PBXFileReference; fileEncoding = 4; lastKnownFileType = file.storyboard; path = SignIn.storyboard; sourceTree = "<group>"; };
		CB518E481DC70C8100E15251 /* logout.png */ = {isa = PBXFileReference; lastKnownFileType = image.png; path = logout.png; sourceTree = "<group>"; };
		CBB8FD3A1DC034D80030EDFC /* settingsViewController.swift */ = {isa = PBXFileReference; fileEncoding = 4; lastKnownFileType = sourcecode.swift; path = settingsViewController.swift; sourceTree = "<group>"; };
		CBB8FD3C1DC039DE0030EDFC /* UpArrow_Plain.png */ = {isa = PBXFileReference; lastKnownFileType = image.png; name = UpArrow_Plain.png; path = PictureUs/Assets/ScreenAssets/UpArrow/UpArrow_Plain.png; sourceTree = "<group>"; };
		CBB8FD3E1DC039E40030EDFC /* DownArrow_plain.png */ = {isa = PBXFileReference; lastKnownFileType = image.png; name = DownArrow_plain.png; path = PictureUs/Assets/ScreenAssets/DownArrow/DownArrow_plain.png; sourceTree = "<group>"; };
		CBB8FD401DC039EE0030EDFC /* left-arrow.png */ = {isa = PBXFileReference; lastKnownFileType = image.png; name = "left-arrow.png"; path = "PictureUs/Assets/ScreenAssets/LeftArrow/left-arrow.png"; sourceTree = "<group>"; };
		CBB8FD421DC039F60030EDFC /* RightArrow.png */ = {isa = PBXFileReference; lastKnownFileType = image.png; name = RightArrow.png; path = PictureUs/Assets/ScreenAssets/RightArrow/RightArrow.png; sourceTree = "<group>"; };
		CBB8FD441DC03D0A0030EDFC /* Weibo-Logo.jpg */ = {isa = PBXFileReference; lastKnownFileType = image.jpeg; name = "Weibo-Logo.jpg"; path = "PictureUs/Assets/SocialNW/jpg/Weibo-Logo.jpg"; sourceTree = "<group>"; };
		CBB8FD451DC03D0A0030EDFC /* chat.png */ = {isa = PBXFileReference; lastKnownFileType = image.png; name = chat.png; path = PictureUs/Assets/SocialNW/png/chat.png; sourceTree = "<group>"; };
		CBB8FD461DC03D0A0030EDFC /* facebook.png */ = {isa = PBXFileReference; lastKnownFileType = image.png; name = facebook.png; path = PictureUs/Assets/SocialNW/png/facebook.png; sourceTree = "<group>"; };
		CBB8FD471DC03D0A0030EDFC /* twitter.png */ = {isa = PBXFileReference; lastKnownFileType = image.png; name = twitter.png; path = PictureUs/Assets/SocialNW/png/twitter.png; sourceTree = "<group>"; };
		CBB8FD4C1DC03D9E0030EDFC /* badoo.png */ = {isa = PBXFileReference; lastKnownFileType = image.png; name = badoo.png; path = PictureUs/Assets/SocialNW/png/badoo.png; sourceTree = "<group>"; };
		CBB8FD4D1DC03D9E0030EDFC /* behance.png */ = {isa = PBXFileReference; lastKnownFileType = image.png; name = behance.png; path = PictureUs/Assets/SocialNW/png/behance.png; sourceTree = "<group>"; };
		CBB8FD4E1DC03D9E0030EDFC /* chat.png */ = {isa = PBXFileReference; lastKnownFileType = image.png; name = chat.png; path = PictureUs/Assets/SocialNW/png/chat.png; sourceTree = "<group>"; };
		CBB8FD4F1DC03D9E0030EDFC /* deviantart.png */ = {isa = PBXFileReference; lastKnownFileType = image.png; name = deviantart.png; path = PictureUs/Assets/SocialNW/png/deviantart.png; sourceTree = "<group>"; };
		CBB8FD501DC03D9E0030EDFC /* dribbble.png */ = {isa = PBXFileReference; lastKnownFileType = image.png; name = dribbble.png; path = PictureUs/Assets/SocialNW/png/dribbble.png; sourceTree = "<group>"; };
		CBB8FD511DC03D9E0030EDFC /* facebook.png */ = {isa = PBXFileReference; lastKnownFileType = image.png; name = facebook.png; path = PictureUs/Assets/SocialNW/png/facebook.png; sourceTree = "<group>"; };
		CBB8FD521DC03D9E0030EDFC /* flickr.png */ = {isa = PBXFileReference; lastKnownFileType = image.png; name = flickr.png; path = PictureUs/Assets/SocialNW/png/flickr.png; sourceTree = "<group>"; };
		CBB8FD531DC03D9E0030EDFC /* google-plus.png */ = {isa = PBXFileReference; lastKnownFileType = image.png; name = "google-plus.png"; path = "PictureUs/Assets/SocialNW/png/google-plus.png"; sourceTree = "<group>"; };
		CBB8FD541DC03D9E0030EDFC /* instagram.png */ = {isa = PBXFileReference; lastKnownFileType = image.png; name = instagram.png; path = PictureUs/Assets/SocialNW/png/instagram.png; sourceTree = "<group>"; };
		CBB8FD551DC03D9E0030EDFC /* lastfm.png */ = {isa = PBXFileReference; lastKnownFileType = image.png; name = lastfm.png; path = PictureUs/Assets/SocialNW/png/lastfm.png; sourceTree = "<group>"; };
		CBB8FD561DC03D9E0030EDFC /* linkedin.png */ = {isa = PBXFileReference; lastKnownFileType = image.png; name = linkedin.png; path = PictureUs/Assets/SocialNW/png/linkedin.png; sourceTree = "<group>"; };
		CBB8FD571DC03D9E0030EDFC /* pinterest.png */ = {isa = PBXFileReference; lastKnownFileType = image.png; name = pinterest.png; path = PictureUs/Assets/SocialNW/png/pinterest.png; sourceTree = "<group>"; };
		CBB8FD581DC03D9E0030EDFC /* soundcloud.png */ = {isa = PBXFileReference; lastKnownFileType = image.png; name = soundcloud.png; path = PictureUs/Assets/SocialNW/png/soundcloud.png; sourceTree = "<group>"; };
		CBB8FD591DC03D9E0030EDFC /* swarm.png */ = {isa = PBXFileReference; lastKnownFileType = image.png; name = swarm.png; path = PictureUs/Assets/SocialNW/png/swarm.png; sourceTree = "<group>"; };
		CBB8FD5A1DC03D9E0030EDFC /* tumblr.png */ = {isa = PBXFileReference; lastKnownFileType = image.png; name = tumblr.png; path = PictureUs/Assets/SocialNW/png/tumblr.png; sourceTree = "<group>"; };
		CBB8FD5B1DC03D9E0030EDFC /* twitter.png */ = {isa = PBXFileReference; lastKnownFileType = image.png; name = twitter.png; path = PictureUs/Assets/SocialNW/png/twitter.png; sourceTree = "<group>"; };
		CBB8FD5C1DC03D9E0030EDFC /* vk.png */ = {isa = PBXFileReference; lastKnownFileType = image.png; name = vk.png; path = PictureUs/Assets/SocialNW/png/vk.png; sourceTree = "<group>"; };
		CBF75C2F1DBFF10B00459260 /* Left_FB.png */ = {isa = PBXFileReference; lastKnownFileType = image.png; name = Left_FB.png; path = PictureUs/Assets/ScreenAssets/LeftArrow/Left_FB.png; sourceTree = "<group>"; };
		CBF75C311DBFF33400459260 /* RightArrow_Social.png */ = {isa = PBXFileReference; lastKnownFileType = image.png; name = RightArrow_Social.png; path = PictureUs/Assets/ScreenAssets/RightArrow/RightArrow_Social.png; sourceTree = "<group>"; };
		CBF75C331DBFF41200459260 /* DownArrow.png */ = {isa = PBXFileReference; lastKnownFileType = image.png; name = DownArrow.png; path = PictureUs/Assets/ScreenAssets/DownArrow/DownArrow.png; sourceTree = "<group>"; };
		CBF75C351DBFF49700459260 /* UpArrow1.png */ = {isa = PBXFileReference; lastKnownFileType = image.png; name = UpArrow1.png; path = PictureUs/Assets/ScreenAssets/UpArrow/UpArrow1.png; sourceTree = "<group>"; };
		CBF75C371DBFF60800459260 /* settings.png */ = {isa = PBXFileReference; lastKnownFileType = image.png; name = settings.png; path = PictureUs/Assets/ScreenAssets/SettingsLogo/settings.png; sourceTree = "<group>"; };
		CBF75C391DC0225700459260 /* UpArrow.png */ = {isa = PBXFileReference; lastKnownFileType = image.png; path = UpArrow.png; sourceTree = "<group>"; };
/* End PBXFileReference section */

/* Begin PBXFrameworksBuildPhase section */
		CB228FB01D96112F00F7956E /* Frameworks */ = {
			isa = PBXFrameworksBuildPhase;
			buildActionMask = 2147483647;
			files = (
				CB2992931DC41CE000C1530B /* GoogleNetworkingUtilities.framework in Frameworks */,
				CB2992941DC41CE000C1530B /* GoogleSignIn.framework in Frameworks */,
				CB2992951DC41CE000C1530B /* GoogleSymbolUtilities.framework in Frameworks */,
				CB2992961DC41CE000C1530B /* GoogleAppUtilities.framework in Frameworks */,
				CB2992971DC41CE000C1530B /* GoogleAuthUtilities.framework in Frameworks */,
				CB2992981DC41CE000C1530B /* GoogleUtilities.framework in Frameworks */,
				CB2992851DC4137B00C1530B /* AddressBook.framework in Frameworks */,
				CB2992871DC4138300C1530B /* SafariServices.framework in Frameworks */,
				CB2992891DC4138A00C1530B /* SystemConfiguration.framework in Frameworks */,
				CB29926D1DC40B9900C1530B /* AWSDynamoDB.framework in Frameworks */,
				CB29926B1DC40B9900C1530B /* AWSCore.framework in Frameworks */,
				CB2992781DC40C2500C1530B /* AWSMobileHubHelper.framework in Frameworks */,
				CB29927E1DC40D8200C1530B /* libz.tbd in Frameworks */,
				CB29927C1DC40D7800C1530B /* libsqlite3.0.tbd in Frameworks */,
			);
			runOnlyForDeploymentPostprocessing = 0;
		};
		CB228FC41D96112F00F7956E /* Frameworks */ = {
			isa = PBXFrameworksBuildPhase;
			buildActionMask = 2147483647;
			files = (
			);
			runOnlyForDeploymentPostprocessing = 0;
		};
		CB228FCF1D96112F00F7956E /* Frameworks */ = {
			isa = PBXFrameworksBuildPhase;
			buildActionMask = 2147483647;
			files = (
			);
			runOnlyForDeploymentPostprocessing = 0;
		};
/* End PBXFrameworksBuildPhase section */

/* Begin PBXGroup section */
		CB228FAA1D96112F00F7956E = {
			isa = PBXGroup;
			children = (
				CB2992691DC40B9800C1530B /* AWSCore.framework */,
				CB29926A1DC40B9800C1530B /* AWSDynamoDB.framework */,
				CBF75C391DC0225700459260 /* UpArrow.png */,
				2AC872071DB429E300125403 /* Logo.jpg */,
				CBF75C2F1DBFF10B00459260 /* Left_FB.png */,
				CBF75C311DBFF33400459260 /* RightArrow_Social.png */,
				CBF75C331DBFF41200459260 /* DownArrow.png */,
				CBF75C351DBFF49700459260 /* UpArrow1.png */,
				CBF75C371DBFF60800459260 /* settings.png */,
				CBB8FD3C1DC039DE0030EDFC /* UpArrow_Plain.png */,
				CBB8FD3E1DC039E40030EDFC /* DownArrow_plain.png */,
				CBB8FD401DC039EE0030EDFC /* left-arrow.png */,
				CBB8FD421DC039F60030EDFC /* RightArrow.png */,
				CBB8FD441DC03D0A0030EDFC /* Weibo-Logo.jpg */,
				CBB8FD451DC03D0A0030EDFC /* chat.png */,
				CBB8FD461DC03D0A0030EDFC /* facebook.png */,
				CBB8FD471DC03D0A0030EDFC /* twitter.png */,
				CBB8FD4C1DC03D9E0030EDFC /* badoo.png */,
				CBB8FD4D1DC03D9E0030EDFC /* behance.png */,
				CBB8FD4E1DC03D9E0030EDFC /* chat.png */,
				CBB8FD4F1DC03D9E0030EDFC /* deviantart.png */,
				CBB8FD501DC03D9E0030EDFC /* dribbble.png */,
				CBB8FD511DC03D9E0030EDFC /* facebook.png */,
				CBB8FD521DC03D9E0030EDFC /* flickr.png */,
				CBB8FD531DC03D9E0030EDFC /* google-plus.png */,
				CBB8FD541DC03D9E0030EDFC /* instagram.png */,
				CBB8FD551DC03D9E0030EDFC /* lastfm.png */,
				CBB8FD561DC03D9E0030EDFC /* linkedin.png */,
				CBB8FD571DC03D9E0030EDFC /* pinterest.png */,
				CBB8FD581DC03D9E0030EDFC /* soundcloud.png */,
				CBB8FD591DC03D9E0030EDFC /* swarm.png */,
				CBB8FD5A1DC03D9E0030EDFC /* tumblr.png */,
				CBB8FD5B1DC03D9E0030EDFC /* twitter.png */,
				CBB8FD5C1DC03D9E0030EDFC /* vk.png */,
				CB518E481DC70C8100E15251 /* logout.png */,
				CB29927F1DC4117F00C1530B /* UserIdentity */,
				CB2992711DC40C2500C1530B /* AmazonAws */,
				CB2992671DC40B5200C1530B /* Sdk */,
				CB228FB51D96112F00F7956E /* Swiper */,
				CB228FCA1D96112F00F7956E /* SwiperUsTests */,
				CB228FD51D96112F00F7956E /* SwiperUITests */,
				CB228FB41D96112F00F7956E /* Products */,
				CB29927A1DC40D7800C1530B /* Frameworks */,
			);
			sourceTree = "<group>";
		};
		CB228FB41D96112F00F7956E /* Products */ = {
			isa = PBXGroup;
			children = (
				CB228FB31D96112F00F7956E /* Swiper.app */,
				CB228FC71D96112F00F7956E /* SwiperTests.xctest */,
				CB228FD21D96112F00F7956E /* SwiperUITests.xctest */,
			);
			name = Products;
			sourceTree = "<group>";
		};
		CB228FB51D96112F00F7956E /* Swiper */ = {
			isa = PBXGroup;
			children = (
				CB228FB61D96112F00F7956E /* AppDelegate.swift */,
				CB228FB81D96112F00F7956E /* ViewController.swift */,
				CB228FBA1D96112F00F7956E /* Main.storyboard */,
				CBB8FD3A1DC034D80030EDFC /* settingsViewController.swift */,
				CB518E461DC4FB0100E15251 /* SignIn.storyboard */,
				CB228FBD1D96112F00F7956E /* Assets.xcassets */,
				CB228FC21D96112F00F7956E /* Info.plist */,
				2A21FA951DB81A2800F75717 /* Assets */,
				2A21FA971DB81AB200F75717 /* Launch Screen.storyboard */,
				CB29929B1DC41DD900C1530B /* SignInViewController.swift */,
			);
			name = Swiper;
			path = PictureUs;
			sourceTree = "<group>";
		};
		CB228FCA1D96112F00F7956E /* SwiperUsTests */ = {
			isa = PBXGroup;
			children = (
				CB228FCB1D96112F00F7956E /* PictureUsTests.swift */,
				CB228FCD1D96112F00F7956E /* Info.plist */,
			);
			name = SwiperUsTests;
			path = PictureUsTests;
			sourceTree = "<group>";
		};
		CB228FD51D96112F00F7956E /* SwiperUITests */ = {
			isa = PBXGroup;
			children = (
				CB228FD61D96112F00F7956E /* SwiperUsUITests.swift */,
				CB228FD81D96112F00F7956E /* Info.plist */,
			);
			name = SwiperUITests;
			path = PictureUsUITests;
			sourceTree = "<group>";
		};
		CB2992711DC40C2500C1530B /* AmazonAws */ = {
			isa = PBXGroup;
			children = (
				CB2992721DC40C2500C1530B /* AWSMobileClient.swift */,
				CB2992731DC40C2500C1530B /* AWSMobileHubHelper.framework */,
				CB2992741DC40C2500C1530B /* Models */,
			);
			path = AmazonAws;
			sourceTree = "<group>";
		};
		CB2992741DC40C2500C1530B /* Models */ = {
			isa = PBXGroup;
			children = (
				CB2992751DC40C2500C1530B /* NoSQL */,
			);
			path = Models;
			sourceTree = "<group>";
		};
		CB2992751DC40C2500C1530B /* NoSQL */ = {
			isa = PBXGroup;
			children = (
				CB2992761DC40C2500C1530B /* PictureUsUserSetting1.swift */,
			);
			path = NoSQL;
			sourceTree = "<group>";
		};
		CB29927A1DC40D7800C1530B /* Frameworks */ = {
			isa = PBXGroup;
			children = (
				CB29928D1DC41CE000C1530B /* GoogleNetworkingUtilities.framework */,
				CB29928E1DC41CE000C1530B /* GoogleSignIn.framework */,
				CB29928F1DC41CE000C1530B /* GoogleSymbolUtilities.framework */,
				CB2992901DC41CE000C1530B /* GoogleAppUtilities.framework */,
				CB2992911DC41CE000C1530B /* GoogleAuthUtilities.framework */,
				CB2992921DC41CE000C1530B /* GoogleUtilities.framework */,
				CB29928B1DC41BE600C1530B /* StoreKit.framework */,
				CB2992881DC4138A00C1530B /* SystemConfiguration.framework */,
				CB2992861DC4138300C1530B /* SafariServices.framework */,
				CB2992841DC4137B00C1530B /* AddressBook.framework */,
				CB29927D1DC40D8200C1530B /* libz.tbd */,
				CB29927B1DC40D7800C1530B /* libsqlite3.0.tbd */,
			);
			name = Frameworks;
			sourceTree = "<group>";
		};
		CB29927F1DC4117F00C1530B /* UserIdentity */ = {
			isa = PBXGroup;
			children = (
				CB2992821DC4127500C1530B /* UserIdentityAccess.swift */,
			);
			name = UserIdentity;
			sourceTree = "<group>";
		};
/* End PBXGroup section */

/* Begin PBXNativeTarget section */
		CB228FB21D96112F00F7956E /* Swiper */ = {
			isa = PBXNativeTarget;
			buildConfigurationList = CB228FDB1D96112F00F7956E /* Build configuration list for PBXNativeTarget "Swiper" */;
			buildPhases = (
				CB228FAF1D96112F00F7956E /* Sources */,
				CB228FB01D96112F00F7956E /* Frameworks */,
				CB228FB11D96112F00F7956E /* Resources */,
				CB29926F1DC40B9900C1530B /* Embed Frameworks */,
				CB2992701DC40BB100C1530B /* ShellScript */,
			);
			buildRules = (
			);
			dependencies = (
			);
			name = Swiper;
			productName = PictureUs;
			productReference = CB228FB31D96112F00F7956E /* Swiper.app */;
			productType = "com.apple.product-type.application";
		};
		CB228FC61D96112F00F7956E /* SwiperTests */ = {
			isa = PBXNativeTarget;
			buildConfigurationList = CB228FDE1D96112F00F7956E /* Build configuration list for PBXNativeTarget "SwiperTests" */;
			buildPhases = (
				CB228FC31D96112F00F7956E /* Sources */,
				CB228FC41D96112F00F7956E /* Frameworks */,
				CB228FC51D96112F00F7956E /* Resources */,
			);
			buildRules = (
			);
			dependencies = (
				CB228FC91D96112F00F7956E /* PBXTargetDependency */,
			);
			name = SwiperTests;
			productName = PictureUsTests;
			productReference = CB228FC71D96112F00F7956E /* SwiperTests.xctest */;
			productType = "com.apple.product-type.bundle.unit-test";
		};
		CB228FD11D96112F00F7956E /* SwiperUITests */ = {
			isa = PBXNativeTarget;
			buildConfigurationList = CB228FE11D96112F00F7956E /* Build configuration list for PBXNativeTarget "SwiperUITests" */;
			buildPhases = (
				CB228FCE1D96112F00F7956E /* Sources */,
				CB228FCF1D96112F00F7956E /* Frameworks */,
				CB228FD01D96112F00F7956E /* Resources */,
			);
			buildRules = (
			);
			dependencies = (
				CB228FD41D96112F00F7956E /* PBXTargetDependency */,
			);
			name = SwiperUITests;
			productName = PictureUsUITests;
			productReference = CB228FD21D96112F00F7956E /* SwiperUITests.xctest */;
			productType = "com.apple.product-type.bundle.ui-testing";
		};
/* End PBXNativeTarget section */

/* Begin PBXProject section */
		CB228FAB1D96112F00F7956E /* Project object */ = {
			isa = PBXProject;
			attributes = {
				LastUpgradeCheck = 0800;
				ORGANIZATIONNAME = "Charlie Wang";
				TargetAttributes = {
					CB228FB21D96112F00F7956E = {
						CreatedOnToolsVersion = 7.0;
						DevelopmentTeam = WPS3Y6MWD7;
						LastSwiftMigration = 0800;
					};
					CB228FC61D96112F00F7956E = {
						CreatedOnToolsVersion = 7.0;
						LastSwiftMigration = 0800;
						TestTargetID = CB228FB21D96112F00F7956E;
					};
					CB228FD11D96112F00F7956E = {
						CreatedOnToolsVersion = 7.0;
						LastSwiftMigration = 0800;
						TestTargetID = CB228FB21D96112F00F7956E;
					};
				};
			};
			buildConfigurationList = CB228FAE1D96112F00F7956E /* Build configuration list for PBXProject "Swiper" */;
			compatibilityVersion = "Xcode 3.2";
			developmentRegion = English;
			hasScannedForEncodings = 0;
			knownRegions = (
				en,
				Base,
			);
			mainGroup = CB228FAA1D96112F00F7956E;
			productRefGroup = CB228FB41D96112F00F7956E /* Products */;
			projectDirPath = "";
			projectRoot = "";
			targets = (
				CB228FB21D96112F00F7956E /* Swiper */,
				CB228FC61D96112F00F7956E /* SwiperTests */,
				CB228FD11D96112F00F7956E /* SwiperUITests */,
			);
		};
/* End PBXProject section */

/* Begin PBXResourcesBuildPhase section */
		CB228FB11D96112F00F7956E /* Resources */ = {
			isa = PBXResourcesBuildPhase;
			buildActionMask = 2147483647;
			files = (
				CBF75C301DBFF10B00459260 /* Left_FB.png in Resources */,
				CBB8FD691DC03D9E0030EDFC /* soundcloud.png in Resources */,
				CBB8FD5E1DC03D9E0030EDFC /* behance.png in Resources */,
				CBB8FD481DC03D0A0030EDFC /* Weibo-Logo.jpg in Resources */,
				CBB8FD661DC03D9E0030EDFC /* lastfm.png in Resources */,
				CBB8FD5F1DC03D9E0030EDFC /* chat.png in Resources */,
				CB518E471DC4FB0100E15251 /* SignIn.storyboard in Resources */,
				CBB8FD6D1DC03D9E0030EDFC /* vk.png in Resources */,
				CBF75C361DBFF49700459260 /* UpArrow1.png in Resources */,
				CBB8FD6C1DC03D9E0030EDFC /* twitter.png in Resources */,
				CBB8FD611DC03D9E0030EDFC /* dribbble.png in Resources */,
				CBB8FD651DC03D9E0030EDFC /* instagram.png in Resources */,
				CB2992681DC40B5200C1530B /* Sdk in Resources */,
				CBB8FD431DC039F60030EDFC /* RightArrow.png in Resources */,
				2A21FA961DB81A2800F75717 /* Assets in Resources */,
				CBB8FD631DC03D9E0030EDFC /* flickr.png in Resources */,
				CBF75C3A1DC0225700459260 /* UpArrow.png in Resources */,
				2AC872081DB429E300125403 /* Logo.jpg in Resources */,
				CBB8FD681DC03D9E0030EDFC /* pinterest.png in Resources */,
				CBB8FD6B1DC03D9E0030EDFC /* tumblr.png in Resources */,
				CBB8FD641DC03D9E0030EDFC /* google-plus.png in Resources */,
				CBF75C341DBFF41200459260 /* DownArrow.png in Resources */,
				CBB8FD491DC03D0A0030EDFC /* chat.png in Resources */,
				CBF75C321DBFF33400459260 /* RightArrow_Social.png in Resources */,
				CBB8FD6A1DC03D9E0030EDFC /* swarm.png in Resources */,
				CBB8FD3D1DC039DE0030EDFC /* UpArrow_Plain.png in Resources */,
				CBB8FD411DC039EE0030EDFC /* left-arrow.png in Resources */,
				CBF75C381DBFF60800459260 /* settings.png in Resources */,
				CBB8FD4B1DC03D0A0030EDFC /* twitter.png in Resources */,
				CBB8FD621DC03D9E0030EDFC /* facebook.png in Resources */,
				CBB8FD601DC03D9E0030EDFC /* deviantart.png in Resources */,
				CBB8FD4A1DC03D0A0030EDFC /* facebook.png in Resources */,
				CB518E491DC70C8100E15251 /* logout.png in Resources */,
				CBB8FD3F1DC039E40030EDFC /* DownArrow_plain.png in Resources */,
				CB228FBE1D96112F00F7956E /* Assets.xcassets in Resources */,
				CBB8FD5D1DC03D9E0030EDFC /* badoo.png in Resources */,
				CBB8FD671DC03D9E0030EDFC /* linkedin.png in Resources */,
				2A21FA981DB81AB200F75717 /* Launch Screen.storyboard in Resources */,
				CB228FBC1D96112F00F7956E /* Main.storyboard in Resources */,
			);
			runOnlyForDeploymentPostprocessing = 0;
		};
		CB228FC51D96112F00F7956E /* Resources */ = {
			isa = PBXResourcesBuildPhase;
			buildActionMask = 2147483647;
			files = (
			);
			runOnlyForDeploymentPostprocessing = 0;
		};
		CB228FD01D96112F00F7956E /* Resources */ = {
			isa = PBXResourcesBuildPhase;
			buildActionMask = 2147483647;
			files = (
			);
			runOnlyForDeploymentPostprocessing = 0;
		};
/* End PBXResourcesBuildPhase section */

/* Begin PBXShellScriptBuildPhase section */
		CB2992701DC40BB100C1530B /* ShellScript */ = {
			isa = PBXShellScriptBuildPhase;
			buildActionMask = 2147483647;
			files = (
			);
			inputPaths = (
			);
			outputPaths = (
			);
			runOnlyForDeploymentPostprocessing = 0;
			shellPath = /bin/sh;
			shellScript = "bash \"${BUILT_PRODUCTS_DIR}/${FRAMEWORKS_FOLDER_PATH}/AWSCore.framework/strip-frameworks.sh\"";
		};
/* End PBXShellScriptBuildPhase section */

/* Begin PBXSourcesBuildPhase section */
		CB228FAF1D96112F00F7956E /* Sources */ = {
			isa = PBXSourcesBuildPhase;
			buildActionMask = 2147483647;
			files = (
				CB29929C1DC41DD900C1530B /* SignInViewController.swift in Sources */,
				CB2992831DC4127500C1530B /* UserIdentityAccess.swift in Sources */,
				CB228FB91D96112F00F7956E /* ViewController.swift in Sources */,
				CB228FB71D96112F00F7956E /* AppDelegate.swift in Sources */,
				CB2992771DC40C2500C1530B /* AWSMobileClient.swift in Sources */,
				CB2992791DC40C2500C1530B /* PictureUsUserSetting1.swift in Sources */,
				CBB8FD3B1DC034D80030EDFC /* settingsViewController.swift in Sources */,
			);
			runOnlyForDeploymentPostprocessing = 0;
		};
		CB228FC31D96112F00F7956E /* Sources */ = {
			isa = PBXSourcesBuildPhase;
			buildActionMask = 2147483647;
			files = (
				CB228FCC1D96112F00F7956E /* PictureUsTests.swift in Sources */,
			);
			runOnlyForDeploymentPostprocessing = 0;
		};
		CB228FCE1D96112F00F7956E /* Sources */ = {
			isa = PBXSourcesBuildPhase;
			buildActionMask = 2147483647;
			files = (
				CB228FD71D96112F00F7956E /* SwiperUsUITests.swift in Sources */,
			);
			runOnlyForDeploymentPostprocessing = 0;
		};
/* End PBXSourcesBuildPhase section */

/* Begin PBXTargetDependency section */
		CB228FC91D96112F00F7956E /* PBXTargetDependency */ = {
			isa = PBXTargetDependency;
			target = CB228FB21D96112F00F7956E /* Swiper */;
			targetProxy = CB228FC81D96112F00F7956E /* PBXContainerItemProxy */;
		};
		CB228FD41D96112F00F7956E /* PBXTargetDependency */ = {
			isa = PBXTargetDependency;
			target = CB228FB21D96112F00F7956E /* Swiper */;
			targetProxy = CB228FD31D96112F00F7956E /* PBXContainerItemProxy */;
		};
/* End PBXTargetDependency section */

/* Begin PBXVariantGroup section */
		CB228FBA1D96112F00F7956E /* Main.storyboard */ = {
			isa = PBXVariantGroup;
			children = (
				CB228FBB1D96112F00F7956E /* Base */,
			);
			name = Main.storyboard;
			sourceTree = "<group>";
		};
/* End PBXVariantGroup section */

/* Begin XCBuildConfiguration section */
		CB228FD91D96112F00F7956E /* Debug */ = {
			isa = XCBuildConfiguration;
			buildSettings = {
				ALWAYS_SEARCH_USER_PATHS = NO;
				CLANG_CXX_LANGUAGE_STANDARD = "gnu++0x";
				CLANG_CXX_LIBRARY = "libc++";
				CLANG_ENABLE_MODULES = YES;
				CLANG_ENABLE_OBJC_ARC = YES;
				CLANG_WARN_BOOL_CONVERSION = YES;
				CLANG_WARN_CONSTANT_CONVERSION = YES;
				CLANG_WARN_DIRECT_OBJC_ISA_USAGE = YES_ERROR;
				CLANG_WARN_EMPTY_BODY = YES;
				CLANG_WARN_ENUM_CONVERSION = YES;
				CLANG_WARN_INFINITE_RECURSION = YES;
				CLANG_WARN_INT_CONVERSION = YES;
				CLANG_WARN_OBJC_ROOT_CLASS = YES_ERROR;
				CLANG_WARN_SUSPICIOUS_MOVE = YES;
				CLANG_WARN_UNREACHABLE_CODE = YES;
				CLANG_WARN__DUPLICATE_METHOD_MATCH = YES;
				"CODE_SIGN_IDENTITY[sdk=iphoneos*]" = "iPhone Developer";
				COPY_PHASE_STRIP = NO;
				DEBUG_INFORMATION_FORMAT = dwarf;
				ENABLE_STRICT_OBJC_MSGSEND = YES;
				ENABLE_TESTABILITY = YES;
				GCC_C_LANGUAGE_STANDARD = gnu99;
				GCC_DYNAMIC_NO_PIC = NO;
				GCC_NO_COMMON_BLOCKS = YES;
				GCC_OPTIMIZATION_LEVEL = 0;
				GCC_PREPROCESSOR_DEFINITIONS = (
					"DEBUG=1",
					"$(inherited)",
				);
				GCC_WARN_64_TO_32_BIT_CONVERSION = YES;
				GCC_WARN_ABOUT_RETURN_TYPE = YES_ERROR;
				GCC_WARN_UNDECLARED_SELECTOR = YES;
				GCC_WARN_UNINITIALIZED_AUTOS = YES_AGGRESSIVE;
				GCC_WARN_UNUSED_FUNCTION = YES;
				GCC_WARN_UNUSED_VARIABLE = YES;
				IPHONEOS_DEPLOYMENT_TARGET = 9.0;
				MTL_ENABLE_DEBUG_INFO = YES;
				ONLY_ACTIVE_ARCH = YES;
				SDKROOT = iphoneos;
				SWIFT_OPTIMIZATION_LEVEL = "-Onone";
				TARGETED_DEVICE_FAMILY = "1,2";
			};
			name = Debug;
		};
		CB228FDA1D96112F00F7956E /* Release */ = {
			isa = XCBuildConfiguration;
			buildSettings = {
				ALWAYS_SEARCH_USER_PATHS = NO;
				CLANG_CXX_LANGUAGE_STANDARD = "gnu++0x";
				CLANG_CXX_LIBRARY = "libc++";
				CLANG_ENABLE_MODULES = YES;
				CLANG_ENABLE_OBJC_ARC = YES;
				CLANG_WARN_BOOL_CONVERSION = YES;
				CLANG_WARN_CONSTANT_CONVERSION = YES;
				CLANG_WARN_DIRECT_OBJC_ISA_USAGE = YES_ERROR;
				CLANG_WARN_EMPTY_BODY = YES;
				CLANG_WARN_ENUM_CONVERSION = YES;
				CLANG_WARN_INFINITE_RECURSION = YES;
				CLANG_WARN_INT_CONVERSION = YES;
				CLANG_WARN_OBJC_ROOT_CLASS = YES_ERROR;
				CLANG_WARN_SUSPICIOUS_MOVE = YES;
				CLANG_WARN_UNREACHABLE_CODE = YES;
				CLANG_WARN__DUPLICATE_METHOD_MATCH = YES;
				"CODE_SIGN_IDENTITY[sdk=iphoneos*]" = "iPhone Developer";
				COPY_PHASE_STRIP = NO;
				DEBUG_INFORMATION_FORMAT = "dwarf-with-dsym";
				ENABLE_NS_ASSERTIONS = NO;
				ENABLE_STRICT_OBJC_MSGSEND = YES;
				GCC_C_LANGUAGE_STANDARD = gnu99;
				GCC_NO_COMMON_BLOCKS = YES;
				GCC_WARN_64_TO_32_BIT_CONVERSION = YES;
				GCC_WARN_ABOUT_RETURN_TYPE = YES_ERROR;
				GCC_WARN_UNDECLARED_SELECTOR = YES;
				GCC_WARN_UNINITIALIZED_AUTOS = YES_AGGRESSIVE;
				GCC_WARN_UNUSED_FUNCTION = YES;
				GCC_WARN_UNUSED_VARIABLE = YES;
				IPHONEOS_DEPLOYMENT_TARGET = 9.0;
				MTL_ENABLE_DEBUG_INFO = NO;
				SDKROOT = iphoneos;
				SWIFT_OPTIMIZATION_LEVEL = "-Owholemodule";
				TARGETED_DEVICE_FAMILY = "1,2";
				VALIDATE_PRODUCT = YES;
			};
			name = Release;
		};
		CB228FDC1D96112F00F7956E /* Debug */ = {
			isa = XCBuildConfiguration;
			buildSettings = {
				ASSETCATALOG_COMPILER_APPICON_NAME = AppIcon;
				CODE_SIGN_IDENTITY = "iPhone Developer";
				"CODE_SIGN_IDENTITY[sdk=iphoneos*]" = "iPhone Developer";
				DEVELOPMENT_TEAM = WPS3Y6MWD7;
				FRAMEWORK_SEARCH_PATHS = (
					"$(inherited)",
					"$(PROJECT_DIR)/Sdk/Aws",
					"$(PROJECT_DIR)/AmazonAws",
					"$(PROJECT_DIR)/Sdk/Google",
				);
				INFOPLIST_FILE = PictureUs/Info.plist;
				IPHONEOS_DEPLOYMENT_TARGET = 9.0;
				LD_RUNPATH_SEARCH_PATHS = "$(inherited) @executable_path/Frameworks";
				OTHER_LDFLAGS = (
					"-force_load",
					"$(PROJECT_DIR)/Sdk/Google/GoogleSignIn.framework/GoogleSignIn",
					"-force_load",
					"$(PROJECT_DIR)/Sdk/Google/GoogleUtilities.framework/GoogleUtilities",
					"$(inherited)",
				);
				PRODUCT_BUNDLE_IDENTIFIER = "Charlie-Wang.PictureUs";
				PRODUCT_NAME = "$(TARGET_NAME)";
				PROVISIONING_PROFILE = "";
				SWIFT_VERSION = 3.0;
				TARGETED_DEVICE_FAMILY = 1;
			};
			name = Debug;
		};
		CB228FDD1D96112F00F7956E /* Release */ = {
			isa = XCBuildConfiguration;
			buildSettings = {
				ASSETCATALOG_COMPILER_APPICON_NAME = AppIcon;
				CODE_SIGN_IDENTITY = "iPhone Developer";
				"CODE_SIGN_IDENTITY[sdk=iphoneos*]" = "iPhone Developer";
				DEVELOPMENT_TEAM = WPS3Y6MWD7;
				FRAMEWORK_SEARCH_PATHS = (
					"$(inherited)",
					"$(PROJECT_DIR)/Sdk/Aws",
					"$(PROJECT_DIR)/AmazonAws",
					"$(PROJECT_DIR)/Sdk/Google",
				);
				INFOPLIST_FILE = PictureUs/Info.plist;
				IPHONEOS_DEPLOYMENT_TARGET = 9.0;
				LD_RUNPATH_SEARCH_PATHS = "$(inherited) @executable_path/Frameworks";
				OTHER_LDFLAGS = (
					"-force_load",
					"$(PROJECT_DIR)/Sdk/Google/GoogleSignIn.framework/GoogleSignIn",
					"-force_load",
					"$(PROJECT_DIR)/Sdk/Google/GoogleUtilities.framework/GoogleUtilities",
					"$(inherited)",
				);
				PRODUCT_BUNDLE_IDENTIFIER = "Charlie-Wang.PictureUs";
				PRODUCT_NAME = "$(TARGET_NAME)";
				PROVISIONING_PROFILE = "";
				SWIFT_VERSION = 3.0;
				TARGETED_DEVICE_FAMILY = 1;
			};
			name = Release;
		};
		CB228FDF1D96112F00F7956E /* Debug */ = {
			isa = XCBuildConfiguration;
			buildSettings = {
				BUNDLE_LOADER = "$(TEST_HOST)";
				INFOPLIST_FILE = PictureUsTests/Info.plist;
				LD_RUNPATH_SEARCH_PATHS = "$(inherited) @executable_path/Frameworks @loader_path/Frameworks";
				PRODUCT_BUNDLE_IDENTIFIER = "Charlie-Wang.PictureUsTests";
				PRODUCT_NAME = "$(TARGET_NAME)";
				SWIFT_VERSION = 3.0;
				TEST_HOST = "$(BUILT_PRODUCTS_DIR)/Swiper.app/Swiper";
			};
			name = Debug;
		};
		CB228FE01D96112F00F7956E /* Release */ = {
			isa = XCBuildConfiguration;
			buildSettings = {
				BUNDLE_LOADER = "$(TEST_HOST)";
				INFOPLIST_FILE = PictureUsTests/Info.plist;
				LD_RUNPATH_SEARCH_PATHS = "$(inherited) @executable_path/Frameworks @loader_path/Frameworks";
				PRODUCT_BUNDLE_IDENTIFIER = "Charlie-Wang.PictureUsTests";
				PRODUCT_NAME = "$(TARGET_NAME)";
				SWIFT_VERSION = 3.0;
				TEST_HOST = "$(BUILT_PRODUCTS_DIR)/Swiper.app/Swiper";
			};
			name = Release;
		};
		CB228FE21D96112F00F7956E /* Debug */ = {
			isa = XCBuildConfiguration;
			buildSettings = {
				INFOPLIST_FILE = PictureUsUITests/Info.plist;
				LD_RUNPATH_SEARCH_PATHS = "$(inherited) @executable_path/Frameworks @loader_path/Frameworks";
				PRODUCT_BUNDLE_IDENTIFIER = "Charlie-Wang.PictureUsUITests";
				PRODUCT_NAME = "$(TARGET_NAME)";
				SWIFT_VERSION = 3.0;
				TEST_TARGET_NAME = PictureUs;
				USES_XCTRUNNER = YES;
			};
			name = Debug;
		};
		CB228FE31D96112F00F7956E /* Release */ = {
			isa = XCBuildConfiguration;
			buildSettings = {
				INFOPLIST_FILE = PictureUsUITests/Info.plist;
				LD_RUNPATH_SEARCH_PATHS = "$(inherited) @executable_path/Frameworks @loader_path/Frameworks";
				PRODUCT_BUNDLE_IDENTIFIER = "Charlie-Wang.PictureUsUITests";
				PRODUCT_NAME = "$(TARGET_NAME)";
				SWIFT_VERSION = 3.0;
				TEST_TARGET_NAME = PictureUs;
				USES_XCTRUNNER = YES;
			};
			name = Release;
		};
/* End XCBuildConfiguration section */

/* Begin XCConfigurationList section */
		CB228FAE1D96112F00F7956E /* Build configuration list for PBXProject "Swiper" */ = {
			isa = XCConfigurationList;
			buildConfigurations = (
				CB228FD91D96112F00F7956E /* Debug */,
				CB228FDA1D96112F00F7956E /* Release */,
			);
			defaultConfigurationIsVisible = 0;
			defaultConfigurationName = Release;
		};
		CB228FDB1D96112F00F7956E /* Build configuration list for PBXNativeTarget "Swiper" */ = {
			isa = XCConfigurationList;
			buildConfigurations = (
				CB228FDC1D96112F00F7956E /* Debug */,
				CB228FDD1D96112F00F7956E /* Release */,
			);
			defaultConfigurationIsVisible = 0;
			defaultConfigurationName = Release;
		};
		CB228FDE1D96112F00F7956E /* Build configuration list for PBXNativeTarget "SwiperTests" */ = {
			isa = XCConfigurationList;
			buildConfigurations = (
				CB228FDF1D96112F00F7956E /* Debug */,
				CB228FE01D96112F00F7956E /* Release */,
			);
			defaultConfigurationIsVisible = 0;
			defaultConfigurationName = Release;
		};
		CB228FE11D96112F00F7956E /* Build configuration list for PBXNativeTarget "SwiperUITests" */ = {
			isa = XCConfigurationList;
			buildConfigurations = (
				CB228FE21D96112F00F7956E /* Debug */,
				CB228FE31D96112F00F7956E /* Release */,
			);
			defaultConfigurationIsVisible = 0;
			defaultConfigurationName = Release;
		};
/* End XCConfigurationList section */
	};
	rootObject = CB228FAB1D96112F00F7956E /* Project object */;
}
