// !$*UTF8*$!
{
	archiveVersion = 1;
	classes = {
	};
	objectVersion = 46;
	objects = {

/* Begin PBXBuildFile section */
		CB228FB71D96112F00F7956E /* AppDelegate.swift in Sources */ = {isa = PBXBuildFile; fileRef = CB228FB61D96112F00F7956E /* AppDelegate.swift */; };
		CB228FB91D96112F00F7956E /* ViewController.swift in Sources */ = {isa = PBXBuildFile; fileRef = CB228FB81D96112F00F7956E /* ViewController.swift */; };
		CB228FBC1D96112F00F7956E /* Main.storyboard in Resources */ = {isa = PBXBuildFile; fileRef = CB228FBA1D96112F00F7956E /* Main.storyboard */; };
		CB228FBE1D96112F00F7956E /* Assets.xcassets in Resources */ = {isa = PBXBuildFile; fileRef = CB228FBD1D96112F00F7956E /* Assets.xcassets */; };
		CB228FC11D96112F00F7956E /* LaunchScreen.storyboard in Resources */ = {isa = PBXBuildFile; fileRef = CB228FBF1D96112F00F7956E /* LaunchScreen.storyboard */; };
		CB228FCC1D96112F00F7956E /* PictureUsTests.swift in Sources */ = {isa = PBXBuildFile; fileRef = CB228FCB1D96112F00F7956E /* PictureUsTests.swift */; };
		CB228FD71D96112F00F7956E /* PictureUsUITests.swift in Sources */ = {isa = PBXBuildFile; fileRef = CB228FD61D96112F00F7956E /* PictureUsUITests.swift */; };
		CB96502A1D98C062006CDAD0 /* cameraView.swift in Sources */ = {isa = PBXBuildFile; fileRef = CB9650291D98C062006CDAD0 /* cameraView.swift */; settings = {ASSET_TAGS = (); }; };
		CB96502C1D98C086006CDAD0 /* cameraView.xib in Resources */ = {isa = PBXBuildFile; fileRef = CB96502B1D98C086006CDAD0 /* cameraView.xib */; settings = {ASSET_TAGS = (); }; };
/* End PBXBuildFile section */

/* Begin PBXContainerItemProxy section */
		CB228FC81D96112F00F7956E /* PBXContainerItemProxy */ = {
			isa = PBXContainerItemProxy;
			containerPortal = CB228FAB1D96112F00F7956E /* Project object */;
			proxyType = 1;
			remoteGlobalIDString = CB228FB21D96112F00F7956E;
			remoteInfo = PictureUs;
		};
		CB228FD31D96112F00F7956E /* PBXContainerItemProxy */ = {
			isa = PBXContainerItemProxy;
			containerPortal = CB228FAB1D96112F00F7956E /* Project object */;
			proxyType = 1;
			remoteGlobalIDString = CB228FB21D96112F00F7956E;
			remoteInfo = PictureUs;
		};
/* End PBXContainerItemProxy section */

/* Begin PBXFileReference section */
		CB228FB31D96112F00F7956E /* PictureUs.app */ = {isa = PBXFileReference; explicitFileType = wrapper.application; includeInIndex = 0; path = PictureUs.app; sourceTree = BUILT_PRODUCTS_DIR; };
		CB228FB61D96112F00F7956E /* AppDelegate.swift */ = {isa = PBXFileReference; lastKnownFileType = sourcecode.swift; path = AppDelegate.swift; sourceTree = "<group>"; };
		CB228FB81D96112F00F7956E /* ViewController.swift */ = {isa = PBXFileReference; lastKnownFileType = sourcecode.swift; path = ViewController.swift; sourceTree = "<group>"; };
		CB228FBB1D96112F00F7956E /* Base */ = {isa = PBXFileReference; lastKnownFileType = file.storyboard; name = Base; path = Base.lproj/Main.storyboard; sourceTree = "<group>"; };
		CB228FBD1D96112F00F7956E /* Assets.xcassets */ = {isa = PBXFileReference; lastKnownFileType = folder.assetcatalog; path = Assets.xcassets; sourceTree = "<group>"; };
		CB228FC01D96112F00F7956E /* Base */ = {isa = PBXFileReference; lastKnownFileType = file.storyboard; name = Base; path = Base.lproj/LaunchScreen.storyboard; sourceTree = "<group>"; };
		CB228FC21D96112F00F7956E /* Info.plist */ = {isa = PBXFileReference; lastKnownFileType = text.plist.xml; path = Info.plist; sourceTree = "<group>"; };
		CB228FC71D96112F00F7956E /* PictureUsTests.xctest */ = {isa = PBXFileReference; explicitFileType = wrapper.cfbundle; includeInIndex = 0; path = PictureUsTests.xctest; sourceTree = BUILT_PRODUCTS_DIR; };
		CB228FCB1D96112F00F7956E /* PictureUsTests.swift */ = {isa = PBXFileReference; lastKnownFileType = sourcecode.swift; path = PictureUsTests.swift; sourceTree = "<group>"; };
		CB228FCD1D96112F00F7956E /* Info.plist */ = {isa = PBXFileReference; lastKnownFileType = text.plist.xml; path = Info.plist; sourceTree = "<group>"; };
		CB228FD21D96112F00F7956E /* PictureUsUITests.xctest */ = {isa = PBXFileReference; explicitFileType = wrapper.cfbundle; includeInIndex = 0; path = PictureUsUITests.xctest; sourceTree = BUILT_PRODUCTS_DIR; };
		CB228FD61D96112F00F7956E /* PictureUsUITests.swift */ = {isa = PBXFileReference; lastKnownFileType = sourcecode.swift; path = PictureUsUITests.swift; sourceTree = "<group>"; };
		CB228FD81D96112F00F7956E /* Info.plist */ = {isa = PBXFileReference; lastKnownFileType = text.plist.xml; path = Info.plist; sourceTree = "<group>"; };
		CB9650291D98C062006CDAD0 /* cameraView.swift */ = {isa = PBXFileReference; fileEncoding = 4; lastKnownFileType = sourcecode.swift; path = cameraView.swift; sourceTree = "<group>"; };
		CB96502B1D98C086006CDAD0 /* cameraView.xib */ = {isa = PBXFileReference; fileEncoding = 4; lastKnownFileType = file.xib; path = cameraView.xib; sourceTree = "<group>"; };
/* End PBXFileReference section */

/* Begin PBXFrameworksBuildPhase section */
		CB228FB01D96112F00F7956E /* Frameworks */ = {
			isa = PBXFrameworksBuildPhase;
			buildActionMask = 2147483647;
			files = (
			);
			runOnlyForDeploymentPostprocessing = 0;
		};
		CB228FC41D96112F00F7956E /* Frameworks */ = {
			isa = PBXFrameworksBuildPhase;
			buildActionMask = 2147483647;
			files = (
			);
			runOnlyForDeploymentPostprocessing = 0;
		};
		CB228FCF1D96112F00F7956E /* Frameworks */ = {
			isa = PBXFrameworksBuildPhase;
			buildActionMask = 2147483647;
			files = (
			);
			runOnlyForDeploymentPostprocessing = 0;
		};
/* End PBXFrameworksBuildPhase section */

/* Begin PBXGroup section */
		CB228FAA1D96112F00F7956E = {
			isa = PBXGroup;
			children = (
				CB228FB51D96112F00F7956E /* PictureUs */,
				CB228FCA1D96112F00F7956E /* PictureUsTests */,
				CB228FD51D96112F00F7956E /* PictureUsUITests */,
				CB228FB41D96112F00F7956E /* Products */,
			);
			sourceTree = "<group>";
		};
		CB228FB41D96112F00F7956E /* Products */ = {
			isa = PBXGroup;
			children = (
				CB228FB31D96112F00F7956E /* PictureUs.app */,
				CB228FC71D96112F00F7956E /* PictureUsTests.xctest */,
				CB228FD21D96112F00F7956E /* PictureUsUITests.xctest */,
			);
			name = Products;
			sourceTree = "<group>";
		};
		CB228FB51D96112F00F7956E /* PictureUs */ = {
			isa = PBXGroup;
			children = (
				CB228FB61D96112F00F7956E /* AppDelegate.swift */,
				CB228FB81D96112F00F7956E /* ViewController.swift */,
				CB228FBA1D96112F00F7956E /* Main.storyboard */,
				CB228FBD1D96112F00F7956E /* Assets.xcassets */,
				CB228FBF1D96112F00F7956E /* LaunchScreen.storyboard */,
				CB228FC21D96112F00F7956E /* Info.plist */,
				CB9650291D98C062006CDAD0 /* cameraView.swift */,
				CB96502B1D98C086006CDAD0 /* cameraView.xib */,
			);
			path = PictureUs;
			sourceTree = "<group>";
		};
		CB228FCA1D96112F00F7956E /* PictureUsTests */ = {
			isa = PBXGroup;
			children = (
				CB228FCB1D96112F00F7956E /* PictureUsTests.swift */,
				CB228FCD1D96112F00F7956E /* Info.plist */,
			);
			path = PictureUsTests;
			sourceTree = "<group>";
		};
		CB228FD51D96112F00F7956E /* PictureUsUITests */ = {
			isa = PBXGroup;
			children = (
				CB228FD61D96112F00F7956E /* PictureUsUITests.swift */,
				CB228FD81D96112F00F7956E /* Info.plist */,
			);
			path = PictureUsUITests;
			sourceTree = "<group>";
		};
/* End PBXGroup section */

/* Begin PBXNativeTarget section */
		CB228FB21D96112F00F7956E /* PictureUs */ = {
			isa = PBXNativeTarget;
			buildConfigurationList = CB228FDB1D96112F00F7956E /* Build configuration list for PBXNativeTarget "PictureUs" */;
			buildPhases = (
				CB228FAF1D96112F00F7956E /* Sources */,
				CB228FB01D96112F00F7956E /* Frameworks */,
				CB228FB11D96112F00F7956E /* Resources */,
			);
			buildRules = (
			);
			dependencies = (
			);
			name = PictureUs;
			productName = PictureUs;
			productReference = CB228FB31D96112F00F7956E /* PictureUs.app */;
			productType = "com.apple.product-type.application";
		};
		CB228FC61D96112F00F7956E /* PictureUsTests */ = {
			isa = PBXNativeTarget;
			buildConfigurationList = CB228FDE1D96112F00F7956E /* Build configuration list for PBXNativeTarget "PictureUsTests" */;
			buildPhases = (
				CB228FC31D96112F00F7956E /* Sources */,
				CB228FC41D96112F00F7956E /* Frameworks */,
				CB228FC51D96112F00F7956E /* Resources */,
			);
			buildRules = (
			);
			dependencies = (
				CB228FC91D96112F00F7956E /* PBXTargetDependency */,
			);
			name = PictureUsTests;
			productName = PictureUsTests;
			productReference = CB228FC71D96112F00F7956E /* PictureUsTests.xctest */;
			productType = "com.apple.product-type.bundle.unit-test";
		};
		CB228FD11D96112F00F7956E /* PictureUsUITests */ = {
			isa = PBXNativeTarget;
			buildConfigurationList = CB228FE11D96112F00F7956E /* Build configuration list for PBXNativeTarget "PictureUsUITests" */;
			buildPhases = (
				CB228FCE1D96112F00F7956E /* Sources */,
				CB228FCF1D96112F00F7956E /* Frameworks */,
				CB228FD01D96112F00F7956E /* Resources */,
			);
			buildRules = (
			);
			dependencies = (
				CB228FD41D96112F00F7956E /* PBXTargetDependency */,
			);
			name = PictureUsUITests;
			productName = PictureUsUITests;
			productReference = CB228FD21D96112F00F7956E /* PictureUsUITests.xctest */;
			productType = "com.apple.product-type.bundle.ui-testing";
		};
/* End PBXNativeTarget section */

/* Begin PBXProject section */
		CB228FAB1D96112F00F7956E /* Project object */ = {
			isa = PBXProject;
			attributes = {
				LastUpgradeCheck = 0700;
				ORGANIZATIONNAME = "Charlie Wang";
				TargetAttributes = {
					CB228FB21D96112F00F7956E = {
						CreatedOnToolsVersion = 7.0;
					};
					CB228FC61D96112F00F7956E = {
						CreatedOnToolsVersion = 7.0;
						TestTargetID = CB228FB21D96112F00F7956E;
					};
					CB228FD11D96112F00F7956E = {
						CreatedOnToolsVersion = 7.0;
						TestTargetID = CB228FB21D96112F00F7956E;
					};
				};
			};
			buildConfigurationList = CB228FAE1D96112F00F7956E /* Build configuration list for PBXProject "PictureUs" */;
			compatibilityVersion = "Xcode 3.2";
			developmentRegion = English;
			hasScannedForEncodings = 0;
			knownRegions = (
				en,
				Base,
			);
			mainGroup = CB228FAA1D96112F00F7956E;
			productRefGroup = CB228FB41D96112F00F7956E /* Products */;
			projectDirPath = "";
			projectRoot = "";
			targets = (
				CB228FB21D96112F00F7956E /* PictureUs */,
				CB228FC61D96112F00F7956E /* PictureUsTests */,
				CB228FD11D96112F00F7956E /* PictureUsUITests */,
			);
		};
/* End PBXProject section */

/* Begin PBXResourcesBuildPhase section */
		CB228FB11D96112F00F7956E /* Resources */ = {
			isa = PBXResourcesBuildPhase;
			buildActionMask = 2147483647;
			files = (
				CB228FC11D96112F00F7956E /* LaunchScreen.storyboard in Resources */,
				CB228FBE1D96112F00F7956E /* Assets.xcassets in Resources */,
				CB228FBC1D96112F00F7956E /* Main.storyboard in Resources */,
				CB96502C1D98C086006CDAD0 /* cameraView.xib in Resources */,
			);
			runOnlyForDeploymentPostprocessing = 0;
		};
		CB228FC51D96112F00F7956E /* Resources */ = {
			isa = PBXResourcesBuildPhase;
			buildActionMask = 2147483647;
			files = (
			);
			runOnlyForDeploymentPostprocessing = 0;
		};
		CB228FD01D96112F00F7956E /* Resources */ = {
			isa = PBXResourcesBuildPhase;
			buildActionMask = 2147483647;
			files = (
			);
			runOnlyForDeploymentPostprocessing = 0;
		};
/* End PBXResourcesBuildPhase section */

/* Begin PBXSourcesBuildPhase section */
		CB228FAF1D96112F00F7956E /* Sources */ = {
			isa = PBXSourcesBuildPhase;
			buildActionMask = 2147483647;
			files = (
				CB228FB91D96112F00F7956E /* ViewController.swift in Sources */,
				CB96502A1D98C062006CDAD0 /* cameraView.swift in Sources */,
				CB228FB71D96112F00F7956E /* AppDelegate.swift in Sources */,
			);
			runOnlyForDeploymentPostprocessing = 0;
		};
		CB228FC31D96112F00F7956E /* Sources */ = {
			isa = PBXSourcesBuildPhase;
			buildActionMask = 2147483647;
			files = (
				CB228FCC1D96112F00F7956E /* PictureUsTests.swift in Sources */,
			);
			runOnlyForDeploymentPostprocessing = 0;
		};
		CB228FCE1D96112F00F7956E /* Sources */ = {
			isa = PBXSourcesBuildPhase;
			buildActionMask = 2147483647;
			files = (
				CB228FD71D96112F00F7956E /* PictureUsUITests.swift in Sources */,
			);
			runOnlyForDeploymentPostprocessing = 0;
		};
/* End PBXSourcesBuildPhase section */

/* Begin PBXTargetDependency section */
		CB228FC91D96112F00F7956E /* PBXTargetDependency */ = {
			isa = PBXTargetDependency;
			target = CB228FB21D96112F00F7956E /* PictureUs */;
			targetProxy = CB228FC81D96112F00F7956E /* PBXContainerItemProxy */;
		};
		CB228FD41D96112F00F7956E /* PBXTargetDependency */ = {
			isa = PBXTargetDependency;
			target = CB228FB21D96112F00F7956E /* PictureUs */;
			targetProxy = CB228FD31D96112F00F7956E /* PBXContainerItemProxy */;
		};
/* End PBXTargetDependency section */

/* Begin PBXVariantGroup section */
		CB228FBA1D96112F00F7956E /* Main.storyboard */ = {
			isa = PBXVariantGroup;
			children = (
				CB228FBB1D96112F00F7956E /* Base */,
			);
			name = Main.storyboard;
			sourceTree = "<group>";
		};
		CB228FBF1D96112F00F7956E /* LaunchScreen.storyboard */ = {
			isa = PBXVariantGroup;
			children = (
				CB228FC01D96112F00F7956E /* Base */,
			);
			name = LaunchScreen.storyboard;
			sourceTree = "<group>";
		};
/* End PBXVariantGroup section */

/* Begin XCBuildConfiguration section */
		CB228FD91D96112F00F7956E /* Debug */ = {
			isa = XCBuildConfiguration;
			buildSettings = {
				ALWAYS_SEARCH_USER_PATHS = NO;
				CLANG_CXX_LANGUAGE_STANDARD = "gnu++0x";
				CLANG_CXX_LIBRARY = "libc++";
				CLANG_ENABLE_MODULES = YES;
				CLANG_ENABLE_OBJC_ARC = YES;
				CLANG_WARN_BOOL_CONVERSION = YES;
				CLANG_WARN_CONSTANT_CONVERSION = YES;
				CLANG_WARN_DIRECT_OBJC_ISA_USAGE = YES_ERROR;
				CLANG_WARN_EMPTY_BODY = YES;
				CLANG_WARN_ENUM_CONVERSION = YES;
				CLANG_WARN_INT_CONVERSION = YES;
				CLANG_WARN_OBJC_ROOT_CLASS = YES_ERROR;
				CLANG_WARN_UNREACHABLE_CODE = YES;
				CLANG_WARN__DUPLICATE_METHOD_MATCH = YES;
				"CODE_SIGN_IDENTITY[sdk=iphoneos*]" = "iPhone Developer";
				COPY_PHASE_STRIP = NO;
				DEBUG_INFORMATION_FORMAT = dwarf;
				ENABLE_STRICT_OBJC_MSGSEND = YES;
				ENABLE_TESTABILITY = YES;
				GCC_C_LANGUAGE_STANDARD = gnu99;
				GCC_DYNAMIC_NO_PIC = NO;
				GCC_NO_COMMON_BLOCKS = YES;
				GCC_OPTIMIZATION_LEVEL = 0;
				GCC_PREPROCESSOR_DEFINITIONS = (
					"DEBUG=1",
					"$(inherited)",
				);
				GCC_WARN_64_TO_32_BIT_CONVERSION = YES;
				GCC_WARN_ABOUT_RETURN_TYPE = YES_ERROR;
				GCC_WARN_UNDECLARED_SELECTOR = YES;
				GCC_WARN_UNINITIALIZED_AUTOS = YES_AGGRESSIVE;
				GCC_WARN_UNUSED_FUNCTION = YES;
				GCC_WARN_UNUSED_VARIABLE = YES;
				IPHONEOS_DEPLOYMENT_TARGET = 9.0;
				MTL_ENABLE_DEBUG_INFO = YES;
				ONLY_ACTIVE_ARCH = YES;
				SDKROOT = iphoneos;
				SWIFT_OPTIMIZATION_LEVEL = "-Onone";
				TARGETED_DEVICE_FAMILY = "1,2";
			};
			name = Debug;
		};
		CB228FDA1D96112F00F7956E /* Release */ = {
			isa = XCBuildConfiguration;
			buildSettings = {
				ALWAYS_SEARCH_USER_PATHS = NO;
				CLANG_CXX_LANGUAGE_STANDARD = "gnu++0x";
				CLANG_CXX_LIBRARY = "libc++";
				CLANG_ENABLE_MODULES = YES;
				CLANG_ENABLE_OBJC_ARC = YES;
				CLANG_WARN_BOOL_CONVERSION = YES;
				CLANG_WARN_CONSTANT_CONVERSION = YES;
				CLANG_WARN_DIRECT_OBJC_ISA_USAGE = YES_ERROR;
				CLANG_WARN_EMPTY_BODY = YES;
				CLANG_WARN_ENUM_CONVERSION = YES;
				CLANG_WARN_INT_CONVERSION = YES;
				CLANG_WARN_OBJC_ROOT_CLASS = YES_ERROR;
				CLANG_WARN_UNREACHABLE_CODE = YES;
				CLANG_WARN__DUPLICATE_METHOD_MATCH = YES;
				"CODE_SIGN_IDENTITY[sdk=iphoneos*]" = "iPhone Developer";
				COPY_PHASE_STRIP = NO;
				DEBUG_INFORMATION_FORMAT = "dwarf-with-dsym";
				ENABLE_NS_ASSERTIONS = NO;
				ENABLE_STRICT_OBJC_MSGSEND = YES;
				GCC_C_LANGUAGE_STANDARD = gnu99;
				GCC_NO_COMMON_BLOCKS = YES;
				GCC_WARN_64_TO_32_BIT_CONVERSION = YES;
				GCC_WARN_ABOUT_RETURN_TYPE = YES_ERROR;
				GCC_WARN_UNDECLARED_SELECTOR = YES;
				GCC_WARN_UNINITIALIZED_AUTOS = YES_AGGRESSIVE;
				GCC_WARN_UNUSED_FUNCTION = YES;
				GCC_WARN_UNUSED_VARIABLE = YES;
				IPHONEOS_DEPLOYMENT_TARGET = 9.0;
				MTL_ENABLE_DEBUG_INFO = NO;
				SDKROOT = iphoneos;
				TARGETED_DEVICE_FAMILY = "1,2";
				VALIDATE_PRODUCT = YES;
			};
			name = Release;
		};
		CB228FDC1D96112F00F7956E /* Debug */ = {
			isa = XCBuildConfiguration;
			buildSettings = {
				ASSETCATALOG_COMPILER_APPICON_NAME = AppIcon;
				INFOPLIST_FILE = PictureUs/Info.plist;
				LD_RUNPATH_SEARCH_PATHS = "$(inherited) @executable_path/Frameworks";
				PRODUCT_BUNDLE_IDENTIFIER = "Charlie-Wang.PictureUs";
				PRODUCT_NAME = "$(TARGET_NAME)";
			};
			name = Debug;
		};
		CB228FDD1D96112F00F7956E /* Release */ = {
			isa = XCBuildConfiguration;
			buildSettings = {
				ASSETCATALOG_COMPILER_APPICON_NAME = AppIcon;
				INFOPLIST_FILE = PictureUs/Info.plist;
				LD_RUNPATH_SEARCH_PATHS = "$(inherited) @executable_path/Frameworks";
				PRODUCT_BUNDLE_IDENTIFIER = "Charlie-Wang.PictureUs";
				PRODUCT_NAME = "$(TARGET_NAME)";
			};
			name = Release;
		};
		CB228FDF1D96112F00F7956E /* Debug */ = {
			isa = XCBuildConfiguration;
			buildSettings = {
				BUNDLE_LOADER = "$(TEST_HOST)";
				INFOPLIST_FILE = PictureUsTests/Info.plist;
				LD_RUNPATH_SEARCH_PATHS = "$(inherited) @executable_path/Frameworks @loader_path/Frameworks";
				PRODUCT_BUNDLE_IDENTIFIER = "Charlie-Wang.PictureUsTests";
				PRODUCT_NAME = "$(TARGET_NAME)";
				TEST_HOST = "$(BUILT_PRODUCTS_DIR)/PictureUs.app/PictureUs";
			};
			name = Debug;
		};
		CB228FE01D96112F00F7956E /* Release */ = {
			isa = XCBuildConfiguration;
			buildSettings = {
				BUNDLE_LOADER = "$(TEST_HOST)";
				INFOPLIST_FILE = PictureUsTests/Info.plist;
				LD_RUNPATH_SEARCH_PATHS = "$(inherited) @executable_path/Frameworks @loader_path/Frameworks";
				PRODUCT_BUNDLE_IDENTIFIER = "Charlie-Wang.PictureUsTests";
				PRODUCT_NAME = "$(TARGET_NAME)";
				TEST_HOST = "$(BUILT_PRODUCTS_DIR)/PictureUs.app/PictureUs";
			};
			name = Release;
		};
		CB228FE21D96112F00F7956E /* Debug */ = {
			isa = XCBuildConfiguration;
			buildSettings = {
				INFOPLIST_FILE = PictureUsUITests/Info.plist;
				LD_RUNPATH_SEARCH_PATHS = "$(inherited) @executable_path/Frameworks @loader_path/Frameworks";
				PRODUCT_BUNDLE_IDENTIFIER = "Charlie-Wang.PictureUsUITests";
				PRODUCT_NAME = "$(TARGET_NAME)";
				TEST_TARGET_NAME = PictureUs;
				USES_XCTRUNNER = YES;
			};
			name = Debug;
		};
		CB228FE31D96112F00F7956E /* Release */ = {
			isa = XCBuildConfiguration;
			buildSettings = {
				INFOPLIST_FILE = PictureUsUITests/Info.plist;
				LD_RUNPATH_SEARCH_PATHS = "$(inherited) @executable_path/Frameworks @loader_path/Frameworks";
				PRODUCT_BUNDLE_IDENTIFIER = "Charlie-Wang.PictureUsUITests";
				PRODUCT_NAME = "$(TARGET_NAME)";
				TEST_TARGET_NAME = PictureUs;
				USES_XCTRUNNER = YES;
			};
			name = Release;
		};
/* End XCBuildConfiguration section */

/* Begin XCConfigurationList section */
		CB228FAE1D96112F00F7956E /* Build configuration list for PBXProject "PictureUs" */ = {
			isa = XCConfigurationList;
			buildConfigurations = (
				CB228FD91D96112F00F7956E /* Debug */,
				CB228FDA1D96112F00F7956E /* Release */,
			);
			defaultConfigurationIsVisible = 0;
			defaultConfigurationName = Release;
		};
		CB228FDB1D96112F00F7956E /* Build configuration list for PBXNativeTarget "PictureUs" */ = {
			isa = XCConfigurationList;
			buildConfigurations = (
				CB228FDC1D96112F00F7956E /* Debug */,
				CB228FDD1D96112F00F7956E /* Release */,
			);
			defaultConfigurationIsVisible = 0;
			defaultConfigurationName = Release;
		};
		CB228FDE1D96112F00F7956E /* Build configuration list for PBXNativeTarget "PictureUsTests" */ = {
			isa = XCConfigurationList;
			buildConfigurations = (
				CB228FDF1D96112F00F7956E /* Debug */,
				CB228FE01D96112F00F7956E /* Release */,
			);
			defaultConfigurationIsVisible = 0;
			defaultConfigurationName = Release;
		};
		CB228FE11D96112F00F7956E /* Build configuration list for PBXNativeTarget "PictureUsUITests" */ = {
			isa = XCConfigurationList;
			buildConfigurations = (
				CB228FE21D96112F00F7956E /* Debug */,
				CB228FE31D96112F00F7956E /* Release */,
			);
			defaultConfigurationIsVisible = 0;
			defaultConfigurationName = Release;
		};
/* End XCConfigurationList section */
	};
	rootObject = CB228FAB1D96112F00F7956E /* Project object */;
}
